
Microsoft Visual Studio Solution File, Format Version 12.00
# Visual Studio Version 16
VisualStudioVersion = 16.0.31205.134
MinimumVisualStudioVersion = 10.0.40219.1
Project("{8BC9CEB8-8B4A-11D0-8D11-00A0C91BC942}") = "OS08_03", "OS08_03\OS08_03.vcxproj", "{367D28CD-82A0-4F04-A4F0-8BEFC463D945}"
EndProject
Global
	GlobalSection(SolutionConfigurationPlatforms) = preSolution
		Debug|x64 = Debug|x64
		Debug|x86 = Debug|x86
		Release|x64 = Release|x64
		Release|x86 = Release|x86
	EndGlobalSection
	GlobalSection(ProjectConfigurationPlatforms) = postSolution
		{367D28CD-82A0-4F04-A4F0-8BEFC463D945}.Debug|x64.ActiveCfg = Debug|x64
		{367D28CD-82A0-4F04-A4F0-8BEFC463D945}.Debug|x64.Build.0 = Debug|x64
		{367D28CD-82A0-4F04-A4F0-8BEFC463D945}.Debug|x86.ActiveCfg = Debug|Win32
		{367D28CD-82A0-4F04-A4F0-8BEFC463D945}.Debug|x86.Build.0 = Debug|Win32
		{367D28CD-82A0-4F04-A4F0-8BEFC463D945}.Release|x64.ActiveCfg = Release|x64
		{367D28CD-82A0-4F04-A4F0-8BEFC463D945}.Release|x64.Build.0 = Release|x64
		{367D28CD-82A0-4F04-A4F0-8BEFC463D945}.Release|x86.ActiveCfg = Release|Win32
		{367D28CD-82A0-4F04-A4F0-8BEFC463D945}.Release|x86.Build.0 = Release|Win32
	EndGlobalSection
	GlobalSection(SolutionProperties) = preSolution
		HideSolutionNode = FALSE
	EndGlobalSection
	GlobalSection(ExtensibilityGlobals) = postSolution
		SolutionGuid = {B2FB6E7D-73E0-46F2-990C-E8399C0182CE}
	EndGlobalSection
EndGlobal
