
Microsoft Visual Studio Solution File, Format Version 12.00
# Visual Studio Version 16
VisualStudioVersion = 16.0.31205.134
MinimumVisualStudioVersion = 10.0.40219.1
Project("{8BC9CEB8-8B4A-11D0-8D11-00A0C91BC942}") = "OS07_01", "OS07_01\OS07_01.vcxproj", "{F0BC3025-4ADD-4EC4-ACB3-5A607CF8949E}"
EndProject
Global
	GlobalSection(SolutionConfigurationPlatforms) = preSolution
		Debug|x64 = Debug|x64
		Debug|x86 = Debug|x86
		Release|x64 = Release|x64
		Release|x86 = Release|x86
	EndGlobalSection
	GlobalSection(ProjectConfigurationPlatforms) = postSolution
		{F0BC3025-4ADD-4EC4-ACB3-5A607CF8949E}.Debug|x64.ActiveCfg = Debug|x64
		{F0BC3025-4ADD-4EC4-ACB3-5A607CF8949E}.Debug|x64.Build.0 = Debug|x64
		{F0BC3025-4ADD-4EC4-ACB3-5A607CF8949E}.Debug|x86.ActiveCfg = Debug|Win32
		{F0BC3025-4ADD-4EC4-ACB3-5A607CF8949E}.Debug|x86.Build.0 = Debug|Win32
		{F0BC3025-4ADD-4EC4-ACB3-5A607CF8949E}.Release|x64.ActiveCfg = Release|x64
		{F0BC3025-4ADD-4EC4-ACB3-5A607CF8949E}.Release|x64.Build.0 = Release|x64
		{F0BC3025-4ADD-4EC4-ACB3-5A607CF8949E}.Release|x86.ActiveCfg = Release|Win32
		{F0BC3025-4ADD-4EC4-ACB3-5A607CF8949E}.Release|x86.Build.0 = Release|Win32
	EndGlobalSection
	GlobalSection(SolutionProperties) = preSolution
		HideSolutionNode = FALSE
	EndGlobalSection
	GlobalSection(ExtensibilityGlobals) = postSolution
		SolutionGuid = {9B42E123-9AFA-45CF-B07D-E57D1475DD04}
	EndGlobalSection
EndGlobal
